{
  "nodes": {
    "cmp-buffer": {
      "flake": false,
      "locked": {
        "lastModified": 1660101488,
        "narHash": "sha256-dG4U7MtnXThoa/PD+qFtCt76MQ14V1wX8GMYcvxEnbM=",
        "owner": "hrsh7th",
        "repo": "cmp-buffer",
        "rev": "3022dbc9166796b644a841a02de8dd1cc1d311fa",
        "type": "github"
      },
      "original": {
        "owner": "hrsh7th",
        "repo": "cmp-buffer",
        "type": "github"
      }
    },
    "cmp-nvim-lsp": {
      "flake": false,
      "locked": {
        "lastModified": 1715931395,
        "narHash": "sha256-CT1+Z4XJBVsl/RqvJeGmyitD6x7So0ylXvvef5jh7I8=",
        "owner": "hrsh7th",
        "repo": "cmp-nvim-lsp",
        "rev": "39e2eda76828d88b773cc27a3f61d2ad782c922d",
        "type": "github"
      },
      "original": {
        "owner": "hrsh7th",
        "repo": "cmp-nvim-lsp",
        "type": "github"
      }
    },
    "cmp-path": {
      "flake": false,
      "locked": {
        "lastModified": 1664784283,
        "narHash": "sha256-thppiiV3wjIaZnAXmsh7j3DUc6ceSCvGzviwFUnoPaI=",
        "owner": "hrsh7th",
        "repo": "cmp-path",
        "rev": "91ff86cd9c29299a64f968ebb45846c485725f23",
        "type": "github"
      },
      "original": {
        "owner": "hrsh7th",
        "repo": "cmp-path",
        "type": "github"
      }
    },
    "devicons": {
      "flake": false,
      "locked": {
        "lastModified": 1717894639,
        "narHash": "sha256-j/B/E1VltJ/QpVFtDKAdVC4+KZ5Mz8dQP5kd8HIHjLs=",
        "owner": "nvim-tree",
        "repo": "nvim-web-devicons",
        "rev": "c0cfc1738361b5da1cd0a962dd6f774cc444f856",
        "type": "github"
      },
      "original": {
        "owner": "nvim-tree",
        "repo": "nvim-web-devicons",
        "type": "github"
      }
    },
    "dressing": {
      "flake": false,
      "locked": {
        "lastModified": 1718760361,
        "narHash": "sha256-LlcE/1/IT6QW/o5gks80BFnrIdBd4GjW4M9o+84/j1c=",
        "owner": "stevearc",
        "repo": "dressing.nvim",
        "rev": "6741f1062d3dc6e4755367a7e9b347b553623f04",
        "type": "github"
      },
      "original": {
        "owner": "stevearc",
        "repo": "dressing.nvim",
        "type": "github"
      }
    },
    "flake-utils": {
      "inputs": {
        "systems": "systems"
      },
      "locked": {
        "lastModified": 1710146030,
        "narHash": "sha256-SZ5L6eA7HJ/nmkzGG7/ISclqe6oZdOZTNoesiInkXPQ=",
        "owner": "numtide",
        "repo": "flake-utils",
        "rev": "b1d9ab70662946ef0850d488da1c9019f3a9752a",
        "type": "github"
      },
      "original": {
        "owner": "numtide",
        "repo": "flake-utils",
        "type": "github"
      }
    },
    "gitsigns": {
      "flake": false,
      "locked": {
        "lastModified": 1720792653,
        "narHash": "sha256-BYNrqMnJx3fcsQAG2V5FSDPMuK9m6VNj620JenH5JOw=",
        "owner": "lewis6991",
        "repo": "gitsigns.nvim",
        "rev": "e9c4187c3774a46df2d086a66cf3a7e6bea4c432",
        "type": "github"
      },
      "original": {
        "owner": "lewis6991",
        "repo": "gitsigns.nvim",
        "type": "github"
      }
    },
    "home-manager": {
      "inputs": {
        "nixpkgs": [
          "nixpkgs"
        ]
      },
      "locked": {
        "lastModified": 1723015306,
        "narHash": "sha256-jQnFEtH20/OsDPpx71ntZzGdRlpXhUENSQCGTjn//NA=",
        "owner": "nix-community",
        "repo": "home-manager",
        "rev": "b3d5ea65d88d67d4ec578ed11d4d2d51e3de525e",
        "type": "github"
      },
      "original": {
        "owner": "nix-community",
        "repo": "home-manager",
        "type": "github"
      }
    },
    "indent-blankline": {
      "flake": false,
      "locked": {
        "lastModified": 1719545832,
        "narHash": "sha256-PSsXBB2KOFPJJ1O8fpTvsVe2A0/wU6Ae9dN/UemraZM=",
        "owner": "lukas-reineke",
        "repo": "indent-blankline.nvim",
        "rev": "65e20ab94a26d0e14acac5049b8641336819dfc7",
        "type": "github"
      },
      "original": {
        "owner": "lukas-reineke",
        "repo": "indent-blankline.nvim",
        "type": "github"
      }
    },
    "lspkind-nvim": {
      "flake": false,
      "locked": {
        "lastModified": 1704982040,
        "narHash": "sha256-/QLdBU/Zwmkw1NGuLBD48tvrmIP9d9WHhgcLEQgRTWo=",
        "owner": "onsails",
        "repo": "lspkind-nvim",
        "rev": "1735dd5a5054c1fb7feaf8e8658dbab925f4f0cf",
        "type": "github"
      },
      "original": {
        "owner": "onsails",
        "repo": "lspkind-nvim",
        "type": "github"
      }
    },
    "mini": {
      "flake": false,
      "locked": {
        "lastModified": 1720875947,
        "narHash": "sha256-zQR+yTYBX2DPP05zYG52T2TscM5V1jynpGGbUc/N8O8=",
        "owner": "echasnovski",
        "repo": "mini.nvim",
        "rev": "eb19e8442edd63b033c36daf8d29c0158c9f1eb9",
        "type": "github"
      },
      "original": {
        "owner": "echasnovski",
        "repo": "mini.nvim",
        "type": "github"
      }
    },
    "neovim-plugins": {
      "inputs": {
        "cmp-buffer": "cmp-buffer",
        "cmp-nvim-lsp": "cmp-nvim-lsp",
        "cmp-path": "cmp-path",
        "devicons": "devicons",
        "dressing": "dressing",
        "gitsigns": "gitsigns",
        "indent-blankline": "indent-blankline",
        "lspkind-nvim": "lspkind-nvim",
        "mini": "mini",
        "nixpkgs": [
          "terminal-config",
          "nixpkgs"
        ],
        "nvim-cmp": "nvim-cmp",
        "nvim-lspconfig": "nvim-lspconfig",
        "oceanic-next": "oceanic-next",
        "oil": "oil",
        "plenary": "plenary",
        "schemastore": "schemastore",
        "telescope": "telescope",
        "telescope-file-browser": "telescope-file-browser"
      },
      "locked": {
        "lastModified": 1721060726,
        "narHash": "sha256-+g8v8tNGg3R9zs8YHNbsW8RO/Odo8MtpoqC88Gbr+XE=",
        "owner": "iancleary",
        "repo": "neovim-plugins-overlay",
        "rev": "669e341e5fe7fde8cc7aeebf9f4f56a139e61f17",
        "type": "github"
      },
      "original": {
        "owner": "iancleary",
        "repo": "neovim-plugins-overlay",
        "type": "github"
      }
    },
    "nix-darwin": {
      "inputs": {
        "nixpkgs": [
          "nixpkgs"
        ]
      },
      "locked": {
        "lastModified": 1722924007,
        "narHash": "sha256-+CQDamNwqO33REJLft8c26NbUi2Td083hq6SvAm2xkU=",
        "owner": "LnL7",
        "repo": "nix-darwin",
        "rev": "91010a5613ffd7ee23ee9263213157a1c422b705",
        "type": "github"
      },
      "original": {
        "owner": "LnL7",
        "repo": "nix-darwin",
        "type": "github"
      }
    },
    "nixpkgs": {
      "locked": {
        "lastModified": 1722987190,
        "narHash": "sha256-68hmex5efCiM2aZlAAEcQgmFI4ZwWt8a80vOeB/5w3A=",
        "owner": "NixOS",
        "repo": "nixpkgs",
        "rev": "21cc704b5e918c5fbf4f9fff22b4ac2681706d90",
        "type": "github"
      },
      "original": {
        "owner": "NixOS",
        "ref": "nixos-24.05",
        "repo": "nixpkgs",
        "type": "github"
      }
    },
    "nixpkgs-unstable": {
      "locked": {
        "lastModified": 1723175592,
        "narHash": "sha256-M0xJ3FbDUc4fRZ84dPGx5VvgFsOzds77KiBMW/mMTnI=",
        "owner": "NixOS",
        "repo": "nixpkgs",
        "rev": "5e0ca22929f3342b19569b21b2f3462f053e497b",
        "type": "github"
      },
      "original": {
        "owner": "NixOS",
        "ref": "nixos-unstable",
        "repo": "nixpkgs",
        "type": "github"
      }
    },
    "nixpkgs-unstable_2": {
      "locked": {
        "lastModified": 1721379653,
        "narHash": "sha256-8MUgifkJ7lkZs3u99UDZMB4kbOxvMEXQZ31FO3SopZ0=",
        "owner": "NixOS",
        "repo": "nixpkgs",
        "rev": "1d9c2c9b3e71b9ee663d11c5d298727dace8d374",
        "type": "github"
      },
      "original": {
        "owner": "NixOS",
        "ref": "nixos-unstable",
        "repo": "nixpkgs",
        "type": "github"
      }
    },
    "nixpkgs_2": {
      "locked": {
        "lastModified": 1721409541,
        "narHash": "sha256-b6PLr0Ty7JPDBtJtjnYzlBf02bbH9alWMAgispMkTwk=",
        "owner": "NixOS",
        "repo": "nixpkgs",
        "rev": "0c53b6b8c2a3e46c68e04417e247bba660689c9d",
        "type": "github"
      },
      "original": {
        "owner": "NixOS",
        "ref": "nixos-24.05",
        "repo": "nixpkgs",
        "type": "github"
      }
    },
    "nvim-cmp": {
      "flake": false,
      "locked": {
        "lastModified": 1717829983,
        "narHash": "sha256-7tEfEjWH5pneI10jLYpenoysRQPa2zPGLTNcbMX3x2I=",
        "owner": "hrsh7th",
        "repo": "nvim-cmp",
        "rev": "a110e12d0b58eefcf5b771f533fc2cf3050680ac",
        "type": "github"
      },
      "original": {
        "owner": "hrsh7th",
        "repo": "nvim-cmp",
        "type": "github"
      }
    },
    "nvim-lspconfig": {
      "flake": false,
      "locked": {
        "lastModified": 1720781924,
        "narHash": "sha256-eYtuIMptp4XCyneZHPcgvdt2gBVzrHjXOOrcF9IMqoA=",
        "owner": "neovim",
        "repo": "nvim-lspconfig",
        "rev": "216deb2d1b5fbf24398919228208649bbf5cbadf",
        "type": "github"
      },
      "original": {
        "owner": "neovim",
        "repo": "nvim-lspconfig",
        "type": "github"
      }
    },
    "oceanic-next": {
      "flake": false,
      "locked": {
        "lastModified": 1682948609,
        "narHash": "sha256-f5isbjoGMsLlzWkxQAU2an4lwEiIPuXKAZGyezZlv/M=",
        "owner": "mhartington",
        "repo": "oceanic-next",
        "rev": "09833f72d5ba23de2e8bcae18f479f326f5f677a",
        "type": "github"
      },
      "original": {
        "owner": "mhartington",
        "repo": "oceanic-next",
        "type": "github"
      }
    },
    "oil": {
      "flake": false,
      "locked": {
        "lastModified": 1720308286,
        "narHash": "sha256-0sx6lbVDnplhHxD+YdxIWN9DWpDgy7xQQcO/YWygux0=",
        "owner": "stevearc",
        "repo": "oil.nvim",
        "rev": "10fbfdd37b6904c0776c5db1a27ab47eecba335e",
        "type": "github"
      },
      "original": {
        "owner": "stevearc",
        "repo": "oil.nvim",
        "type": "github"
      }
    },
    "plenary": {
      "flake": false,
      "locked": {
        "lastModified": 1716230027,
        "narHash": "sha256-5Jf2mWFVDofXBcXLbMa417mqlEPWLA+cQIZH/vNEV1g=",
        "owner": "nvim-lua",
        "repo": "plenary.nvim",
        "rev": "a3e3bc82a3f95c5ed0d7201546d5d2c19b20d683",
        "type": "github"
      },
      "original": {
        "owner": "nvim-lua",
        "repo": "plenary.nvim",
        "type": "github"
      }
    },
    "root": {
      "inputs": {
        "flake-utils": "flake-utils",
        "home-manager": "home-manager",
        "nix-darwin": "nix-darwin",
        "nixpkgs": "nixpkgs",
        "nixpkgs-unstable": "nixpkgs-unstable",
        "terminal-config": "terminal-config"
      }
    },
    "schemastore": {
      "flake": false,
      "locked": {
        "lastModified": 1720713643,
        "narHash": "sha256-00rF8KNCbg2a1i+N22ioe5hRZCldolcmlp0+8ElBCmQ=",
        "owner": "b0o",
        "repo": "SchemaStore.nvim",
        "rev": "37274739232b6a888be7c6ca5f1a2d58510a9a84",
        "type": "github"
      },
      "original": {
        "owner": "b0o",
        "repo": "SchemaStore.nvim",
        "type": "github"
      }
    },
    "systems": {
      "locked": {
        "lastModified": 1681028828,
        "narHash": "sha256-Vy1rq5AaRuLzOxct8nz4T6wlgyUR7zLU309k9mBC768=",
        "owner": "nix-systems",
        "repo": "default",
        "rev": "da67096a3b9bf56a91d16901293e51ba5b49a27e",
        "type": "github"
      },
      "original": {
        "owner": "nix-systems",
        "repo": "default",
        "type": "github"
      }
    },
    "telescope": {
      "flake": false,
      "locked": {
        "lastModified": 1719860810,
        "narHash": "sha256-U6fgii9FlJy+bHAtYVnZEOyiUAqlBHTvMFc4mo+xS/s=",
        "owner": "nvim-telescope",
        "repo": "telescope.nvim",
        "rev": "bfcc7d5c6f12209139f175e6123a7b7de6d9c18a",
        "type": "github"
      },
      "original": {
        "owner": "nvim-telescope",
        "repo": "telescope.nvim",
        "type": "github"
      }
    },
    "telescope-file-browser": {
      "flake": false,
      "locked": {
        "lastModified": 1717943438,
        "narHash": "sha256-2ZXjp0Kzr2Xp7/BjiWBUi2lq6uS80Ada/pXLqxeBfDw=",
        "owner": "nvim-telescope",
        "repo": "telescope-file-browser.nvim",
        "rev": "a7ab9a957b17199183388c6f357d614fcaa508e5",
        "type": "github"
      },
      "original": {
        "owner": "nvim-telescope",
        "repo": "telescope-file-browser.nvim",
        "type": "github"
      }
    },
    "terminal-config": {
      "inputs": {
        "neovim-plugins": "neovim-plugins",
        "nixpkgs": "nixpkgs_2",
        "nixpkgs-unstable": "nixpkgs-unstable_2"
      },
      "locked": {
        "lastModified": 1722058142,
        "narHash": "sha256-l1p577fbj7nGrwqwqEW8zoD/JdURaOnzjcSyYmG9enc=",
        "owner": "iancleary",
        "repo": "terminal-config",
        "rev": "aacb8bef371875385a6b02047cb8304f3c70416d",
        "type": "github"
      },
      "original": {
        "owner": "iancleary",
        "repo": "terminal-config",
        "type": "github"
      }
    }
  },
  "root": "root",
  "version": 7
}
